
Microsoft Visual Studio Solution File, Format Version 12.00
# Visual Studio Version 16
VisualStudioVersion = 16.0.30011.22
MinimumVisualStudioVersion = 10.0.40219.1
Project("{9A19103F-16F7-4668-BE54-9A1E7A4F7556}") = "KamerPAP", "KamerPAP\KamerPAP.csproj", "{10D95E9C-8832-48CE-A13B-0D4B8C189341}"
EndProject
Project("{FAE04EC0-301F-11D3-BF4B-00C04F79EFBC}") = "KamerPapMobile.UWP", "KamerPapMobile\KamerPapMobile.UWP\KamerPapMobile.UWP.csproj", "{E5B21A04-1C9F-4182-A45E-A780BEE0BCA4}"
EndProject
Project("{FAE04EC0-301F-11D3-BF4B-00C04F79EFBC}") = "KamerPapMobile.Android", "KamerPapMobile\KamerPapMobile.Android\KamerPapMobile.Android.csproj", "{C80445E1-A8D6-4F20-A501-83E008F74BE0}"
EndProject
Project("{FAE04EC0-301F-11D3-BF4B-00C04F79EFBC}") = "KamerPapMobile.iOS", "KamerPapMobile\KamerPapMobile.iOS\KamerPapMobile.iOS.csproj", "{30683413-EB03-4BBE-AA33-1260C8474DC2}"
EndProject
Project("{FAE04EC0-301F-11D3-BF4B-00C04F79EFBC}") = "KamerPapMobile", "KamerPapMobile\KamerPapMobile\KamerPapMobile.csproj", "{552E0008-A05C-4F69-A0A3-0708C5635DE4}"
EndProject
Project("{2150E333-8FDC-42A3-9474-1A3956D46DE8}") = "KamerPapMobileFront", "KamerPapMobileFront", "{809D3223-5697-4377-9EE3-104D3E4C416B}"
EndProject
Global
	GlobalSection(SolutionConfigurationPlatforms) = preSolution
		Debug|Any CPU = Debug|Any CPU
		Debug|ARM = Debug|ARM
		Debug|iPhone = Debug|iPhone
		Debug|iPhoneSimulator = Debug|iPhoneSimulator
		Debug|x64 = Debug|x64
		Debug|x86 = Debug|x86
		Release|Any CPU = Release|Any CPU
		Release|ARM = Release|ARM
		Release|iPhone = Release|iPhone
		Release|iPhoneSimulator = Release|iPhoneSimulator
		Release|x64 = Release|x64
		Release|x86 = Release|x86
	EndGlobalSection
	GlobalSection(ProjectConfigurationPlatforms) = postSolution
		{10D95E9C-8832-48CE-A13B-0D4B8C189341}.Debug|Any CPU.ActiveCfg = Debug|Any CPU
		{10D95E9C-8832-48CE-A13B-0D4B8C189341}.Debug|Any CPU.Build.0 = Debug|Any CPU
		{10D95E9C-8832-48CE-A13B-0D4B8C189341}.Debug|ARM.ActiveCfg = Debug|Any CPU
		{10D95E9C-8832-48CE-A13B-0D4B8C189341}.Debug|ARM.Build.0 = Debug|Any CPU
		{10D95E9C-8832-48CE-A13B-0D4B8C189341}.Debug|iPhone.ActiveCfg = Debug|Any CPU
		{10D95E9C-8832-48CE-A13B-0D4B8C189341}.Debug|iPhone.Build.0 = Debug|Any CPU
		{10D95E9C-8832-48CE-A13B-0D4B8C189341}.Debug|iPhoneSimulator.ActiveCfg = Debug|Any CPU
		{10D95E9C-8832-48CE-A13B-0D4B8C189341}.Debug|iPhoneSimulator.Build.0 = Debug|Any CPU
		{10D95E9C-8832-48CE-A13B-0D4B8C189341}.Debug|x64.ActiveCfg = Debug|Any CPU
		{10D95E9C-8832-48CE-A13B-0D4B8C189341}.Debug|x64.Build.0 = Debug|Any CPU
		{10D95E9C-8832-48CE-A13B-0D4B8C189341}.Debug|x86.ActiveCfg = Debug|Any CPU
		{10D95E9C-8832-48CE-A13B-0D4B8C189341}.Debug|x86.Build.0 = Debug|Any CPU
		{10D95E9C-8832-48CE-A13B-0D4B8C189341}.Release|Any CPU.ActiveCfg = Release|Any CPU
		{10D95E9C-8832-48CE-A13B-0D4B8C189341}.Release|Any CPU.Build.0 = Release|Any CPU
		{10D95E9C-8832-48CE-A13B-0D4B8C189341}.Release|ARM.ActiveCfg = Release|Any CPU
		{10D95E9C-8832-48CE-A13B-0D4B8C189341}.Release|ARM.Build.0 = Release|Any CPU
		{10D95E9C-8832-48CE-A13B-0D4B8C189341}.Release|iPhone.ActiveCfg = Release|Any CPU
		{10D95E9C-8832-48CE-A13B-0D4B8C189341}.Release|iPhone.Build.0 = Release|Any CPU
		{10D95E9C-8832-48CE-A13B-0D4B8C189341}.Release|iPhoneSimulator.ActiveCfg = Release|Any CPU
		{10D95E9C-8832-48CE-A13B-0D4B8C189341}.Release|iPhoneSimulator.Build.0 = Release|Any CPU
		{10D95E9C-8832-48CE-A13B-0D4B8C189341}.Release|x64.ActiveCfg = Release|Any CPU
		{10D95E9C-8832-48CE-A13B-0D4B8C189341}.Release|x64.Build.0 = Release|Any CPU
		{10D95E9C-8832-48CE-A13B-0D4B8C189341}.Release|x86.ActiveCfg = Release|Any CPU
		{10D95E9C-8832-48CE-A13B-0D4B8C189341}.Release|x86.Build.0 = Release|Any CPU
		{E5B21A04-1C9F-4182-A45E-A780BEE0BCA4}.Debug|Any CPU.ActiveCfg = Debug|x86
		{E5B21A04-1C9F-4182-A45E-A780BEE0BCA4}.Debug|ARM.ActiveCfg = Debug|ARM
		{E5B21A04-1C9F-4182-A45E-A780BEE0BCA4}.Debug|ARM.Build.0 = Debug|ARM
		{E5B21A04-1C9F-4182-A45E-A780BEE0BCA4}.Debug|ARM.Deploy.0 = Debug|ARM
		{E5B21A04-1C9F-4182-A45E-A780BEE0BCA4}.Debug|iPhone.ActiveCfg = Debug|x86
		{E5B21A04-1C9F-4182-A45E-A780BEE0BCA4}.Debug|iPhoneSimulator.ActiveCfg = Debug|x86
		{E5B21A04-1C9F-4182-A45E-A780BEE0BCA4}.Debug|x64.ActiveCfg = Debug|x64
		{E5B21A04-1C9F-4182-A45E-A780BEE0BCA4}.Debug|x64.Build.0 = Debug|x64
		{E5B21A04-1C9F-4182-A45E-A780BEE0BCA4}.Debug|x64.Deploy.0 = Debug|x64
		{E5B21A04-1C9F-4182-A45E-A780BEE0BCA4}.Debug|x86.ActiveCfg = Debug|x86
		{E5B21A04-1C9F-4182-A45E-A780BEE0BCA4}.Debug|x86.Build.0 = Debug|x86
		{E5B21A04-1C9F-4182-A45E-A780BEE0BCA4}.Debug|x86.Deploy.0 = Debug|x86
		{E5B21A04-1C9F-4182-A45E-A780BEE0BCA4}.Release|Any CPU.ActiveCfg = Release|x86
		{E5B21A04-1C9F-4182-A45E-A780BEE0BCA4}.Release|ARM.ActiveCfg = Release|ARM
		{E5B21A04-1C9F-4182-A45E-A780BEE0BCA4}.Release|ARM.Build.0 = Release|ARM
		{E5B21A04-1C9F-4182-A45E-A780BEE0BCA4}.Release|ARM.Deploy.0 = Release|ARM
		{E5B21A04-1C9F-4182-A45E-A780BEE0BCA4}.Release|iPhone.ActiveCfg = Release|x86
		{E5B21A04-1C9F-4182-A45E-A780BEE0BCA4}.Release|iPhoneSimulator.ActiveCfg = Release|x86
		{E5B21A04-1C9F-4182-A45E-A780BEE0BCA4}.Release|x64.ActiveCfg = Release|x64
		{E5B21A04-1C9F-4182-A45E-A780BEE0BCA4}.Release|x64.Build.0 = Release|x64
		{E5B21A04-1C9F-4182-A45E-A780BEE0BCA4}.Release|x64.Deploy.0 = Release|x64
		{E5B21A04-1C9F-4182-A45E-A780BEE0BCA4}.Release|x86.ActiveCfg = Release|x86
		{E5B21A04-1C9F-4182-A45E-A780BEE0BCA4}.Release|x86.Build.0 = Release|x86
		{E5B21A04-1C9F-4182-A45E-A780BEE0BCA4}.Release|x86.Deploy.0 = Release|x86
		{C80445E1-A8D6-4F20-A501-83E008F74BE0}.Debug|Any CPU.ActiveCfg = Debug|Any CPU
		{C80445E1-A8D6-4F20-A501-83E008F74BE0}.Debug|Any CPU.Build.0 = Debug|Any CPU
		{C80445E1-A8D6-4F20-A501-83E008F74BE0}.Debug|Any CPU.Deploy.0 = Debug|Any CPU
		{C80445E1-A8D6-4F20-A501-83E008F74BE0}.Debug|ARM.ActiveCfg = Debug|Any CPU
		{C80445E1-A8D6-4F20-A501-83E008F74BE0}.Debug|ARM.Build.0 = Debug|Any CPU
		{C80445E1-A8D6-4F20-A501-83E008F74BE0}.Debug|ARM.Deploy.0 = Debug|Any CPU
		{C80445E1-A8D6-4F20-A501-83E008F74BE0}.Debug|iPhone.ActiveCfg = Debug|Any CPU
		{C80445E1-A8D6-4F20-A501-83E008F74BE0}.Debug|iPhone.Build.0 = Debug|Any CPU
		{C80445E1-A8D6-4F20-A501-83E008F74BE0}.Debug|iPhone.Deploy.0 = Debug|Any CPU
		{C80445E1-A8D6-4F20-A501-83E008F74BE0}.Debug|iPhoneSimulator.ActiveCfg = Debug|Any CPU
		{C80445E1-A8D6-4F20-A501-83E008F74BE0}.Debug|iPhoneSimulator.Build.0 = Debug|Any CPU
		{C80445E1-A8D6-4F20-A501-83E008F74BE0}.Debug|iPhoneSimulator.Deploy.0 = Debug|Any CPU
		{C80445E1-A8D6-4F20-A501-83E008F74BE0}.Debug|x64.ActiveCfg = Debug|Any CPU
		{C80445E1-A8D6-4F20-A501-83E008F74BE0}.Debug|x64.Build.0 = Debug|Any CPU
		{C80445E1-A8D6-4F20-A501-83E008F74BE0}.Debug|x64.Deploy.0 = Debug|Any CPU
		{C80445E1-A8D6-4F20-A501-83E008F74BE0}.Debug|x86.ActiveCfg = Debug|Any CPU
		{C80445E1-A8D6-4F20-A501-83E008F74BE0}.Debug|x86.Build.0 = Debug|Any CPU
		{C80445E1-A8D6-4F20-A501-83E008F74BE0}.Debug|x86.Deploy.0 = Debug|Any CPU
		{C80445E1-A8D6-4F20-A501-83E008F74BE0}.Release|Any CPU.ActiveCfg = Release|Any CPU
		{C80445E1-A8D6-4F20-A501-83E008F74BE0}.Release|Any CPU.Build.0 = Release|Any CPU
		{C80445E1-A8D6-4F20-A501-83E008F74BE0}.Release|Any CPU.Deploy.0 = Release|Any CPU
		{C80445E1-A8D6-4F20-A501-83E008F74BE0}.Release|ARM.ActiveCfg = Release|Any CPU
		{C80445E1-A8D6-4F20-A501-83E008F74BE0}.Release|ARM.Build.0 = Release|Any CPU
		{C80445E1-A8D6-4F20-A501-83E008F74BE0}.Release|ARM.Deploy.0 = Release|Any CPU
		{C80445E1-A8D6-4F20-A501-83E008F74BE0}.Release|iPhone.ActiveCfg = Release|Any CPU
		{C80445E1-A8D6-4F20-A501-83E008F74BE0}.Release|iPhone.Build.0 = Release|Any CPU
		{C80445E1-A8D6-4F20-A501-83E008F74BE0}.Release|iPhone.Deploy.0 = Release|Any CPU
		{C80445E1-A8D6-4F20-A501-83E008F74BE0}.Release|iPhoneSimulator.ActiveCfg = Release|Any CPU
		{C80445E1-A8D6-4F20-A501-83E008F74BE0}.Release|iPhoneSimulator.Build.0 = Release|Any CPU
		{C80445E1-A8D6-4F20-A501-83E008F74BE0}.Release|iPhoneSimulator.Deploy.0 = Release|Any CPU
		{C80445E1-A8D6-4F20-A501-83E008F74BE0}.Release|x64.ActiveCfg = Release|Any CPU
		{C80445E1-A8D6-4F20-A501-83E008F74BE0}.Release|x64.Build.0 = Release|Any CPU
		{C80445E1-A8D6-4F20-A501-83E008F74BE0}.Release|x64.Deploy.0 = Release|Any CPU
		{C80445E1-A8D6-4F20-A501-83E008F74BE0}.Release|x86.ActiveCfg = Release|Any CPU
		{C80445E1-A8D6-4F20-A501-83E008F74BE0}.Release|x86.Build.0 = Release|Any CPU
		{C80445E1-A8D6-4F20-A501-83E008F74BE0}.Release|x86.Deploy.0 = Release|Any CPU
		{30683413-EB03-4BBE-AA33-1260C8474DC2}.Debug|Any CPU.ActiveCfg = Debug|iPhone
		{30683413-EB03-4BBE-AA33-1260C8474DC2}.Debug|ARM.ActiveCfg = Debug|iPhone
		{30683413-EB03-4BBE-AA33-1260C8474DC2}.Debug|iPhone.ActiveCfg = Debug|iPhone
		{30683413-EB03-4BBE-AA33-1260C8474DC2}.Debug|iPhone.Build.0 = Debug|iPhone
		{30683413-EB03-4BBE-AA33-1260C8474DC2}.Debug|iPhoneSimulator.ActiveCfg = Debug|iPhoneSimulator
		{30683413-EB03-4BBE-AA33-1260C8474DC2}.Debug|iPhoneSimulator.Build.0 = Debug|iPhoneSimulator
		{30683413-EB03-4BBE-AA33-1260C8474DC2}.Debug|x64.ActiveCfg = Debug|iPhone
		{30683413-EB03-4BBE-AA33-1260C8474DC2}.Debug|x86.ActiveCfg = Debug|iPhone
		{30683413-EB03-4BBE-AA33-1260C8474DC2}.Release|Any CPU.ActiveCfg = Release|iPhone
		{30683413-EB03-4BBE-AA33-1260C8474DC2}.Release|ARM.ActiveCfg = Release|iPhone
		{30683413-EB03-4BBE-AA33-1260C8474DC2}.Release|iPhone.ActiveCfg = Release|iPhone
		{30683413-EB03-4BBE-AA33-1260C8474DC2}.Release|iPhone.Build.0 = Release|iPhone
		{30683413-EB03-4BBE-AA33-1260C8474DC2}.Release|iPhoneSimulator.ActiveCfg = Release|iPhoneSimulator
		{30683413-EB03-4BBE-AA33-1260C8474DC2}.Release|iPhoneSimulator.Build.0 = Release|iPhoneSimulator
		{30683413-EB03-4BBE-AA33-1260C8474DC2}.Release|x64.ActiveCfg = Release|iPhone
		{30683413-EB03-4BBE-AA33-1260C8474DC2}.Release|x86.ActiveCfg = Release|iPhone
		{552E0008-A05C-4F69-A0A3-0708C5635DE4}.Debug|Any CPU.ActiveCfg = Debug|Any CPU
		{552E0008-A05C-4F69-A0A3-0708C5635DE4}.Debug|Any CPU.Build.0 = Debug|Any CPU
		{552E0008-A05C-4F69-A0A3-0708C5635DE4}.Debug|ARM.ActiveCfg = Debug|Any CPU
		{552E0008-A05C-4F69-A0A3-0708C5635DE4}.Debug|ARM.Build.0 = Debug|Any CPU
		{552E0008-A05C-4F69-A0A3-0708C5635DE4}.Debug|iPhone.ActiveCfg = Debug|Any CPU
		{552E0008-A05C-4F69-A0A3-0708C5635DE4}.Debug|iPhone.Build.0 = Debug|Any CPU
		{552E0008-A05C-4F69-A0A3-0708C5635DE4}.Debug|iPhoneSimulator.ActiveCfg = Debug|Any CPU
		{552E0008-A05C-4F69-A0A3-0708C5635DE4}.Debug|iPhoneSimulator.Build.0 = Debug|Any CPU
		{552E0008-A05C-4F69-A0A3-0708C5635DE4}.Debug|x64.ActiveCfg = Debug|Any CPU
		{552E0008-A05C-4F69-A0A3-0708C5635DE4}.Debug|x64.Build.0 = Debug|Any CPU
		{552E0008-A05C-4F69-A0A3-0708C5635DE4}.Debug|x86.ActiveCfg = Debug|Any CPU
		{552E0008-A05C-4F69-A0A3-0708C5635DE4}.Debug|x86.Build.0 = Debug|Any CPU
		{552E0008-A05C-4F69-A0A3-0708C5635DE4}.Release|Any CPU.ActiveCfg = Release|Any CPU
		{552E0008-A05C-4F69-A0A3-0708C5635DE4}.Release|Any CPU.Build.0 = Release|Any CPU
		{552E0008-A05C-4F69-A0A3-0708C5635DE4}.Release|ARM.ActiveCfg = Release|Any CPU
		{552E0008-A05C-4F69-A0A3-0708C5635DE4}.Release|ARM.Build.0 = Release|Any CPU
		{552E0008-A05C-4F69-A0A3-0708C5635DE4}.Release|iPhone.ActiveCfg = Release|Any CPU
		{552E0008-A05C-4F69-A0A3-0708C5635DE4}.Release|iPhone.Build.0 = Release|Any CPU
		{552E0008-A05C-4F69-A0A3-0708C5635DE4}.Release|iPhoneSimulator.ActiveCfg = Release|Any CPU
		{552E0008-A05C-4F69-A0A3-0708C5635DE4}.Release|iPhoneSimulator.Build.0 = Release|Any CPU
		{552E0008-A05C-4F69-A0A3-0708C5635DE4}.Release|x64.ActiveCfg = Release|Any CPU
		{552E0008-A05C-4F69-A0A3-0708C5635DE4}.Release|x64.Build.0 = Release|Any CPU
		{552E0008-A05C-4F69-A0A3-0708C5635DE4}.Release|x86.ActiveCfg = Release|Any CPU
		{552E0008-A05C-4F69-A0A3-0708C5635DE4}.Release|x86.Build.0 = Release|Any CPU
	EndGlobalSection
	GlobalSection(SolutionProperties) = preSolution
		HideSolutionNode = FALSE
	EndGlobalSection
	GlobalSection(NestedProjects) = preSolution
		{E5B21A04-1C9F-4182-A45E-A780BEE0BCA4} = {809D3223-5697-4377-9EE3-104D3E4C416B}
		{C80445E1-A8D6-4F20-A501-83E008F74BE0} = {809D3223-5697-4377-9EE3-104D3E4C416B}
		{30683413-EB03-4BBE-AA33-1260C8474DC2} = {809D3223-5697-4377-9EE3-104D3E4C416B}
		{552E0008-A05C-4F69-A0A3-0708C5635DE4} = {809D3223-5697-4377-9EE3-104D3E4C416B}
	EndGlobalSection
	GlobalSection(ExtensibilityGlobals) = postSolution
		SolutionGuid = {D395FA87-CBFF-470D-B6D6-81AD37AD69FE}
	EndGlobalSection
EndGlobal
